// !$*UTF8*$!
{
	archiveVersion = 1;
	classes = {
	};
	objectVersion = 56;
	objects = {

/* Begin PBXBuildFile section */
		BB846A4B2908330F0001BA35 /* AddAccount.swift in Sources */ = {isa = PBXBuildFile; fileRef = BB846A4A2908330F0001BA35 /* AddAccount.swift */; };
		BB846A4D290834600001BA35 /* AccountModel.swift in Sources */ = {isa = PBXBuildFile; fileRef = BB846A4C290834600001BA35 /* AccountModel.swift */; };
		BB846A5B290835C20001BA35 /* Data.framework in Frameworks */ = {isa = PBXBuildFile; fileRef = BB846A53290835C20001BA35 /* Data.framework */; };
		BB846A60290835C20001BA35 /* RemoteAddAccountTests.swift in Sources */ = {isa = PBXBuildFile; fileRef = BB846A5F290835C20001BA35 /* RemoteAddAccountTests.swift */; };
		BB846A692908362A0001BA35 /* Domain.framework in Frameworks */ = {isa = PBXBuildFile; fileRef = BB846A43290832A90001BA35 /* Domain.framework */; };
		BB846A6A2908362A0001BA35 /* Domain.framework in Embed Frameworks */ = {isa = PBXBuildFile; fileRef = BB846A43290832A90001BA35 /* Domain.framework */; settings = {ATTRIBUTES = (CodeSignOnCopy, RemoveHeadersOnCopy, ); }; };
		BB846A6F2908607D0001BA35 /* Model.swift in Sources */ = {isa = PBXBuildFile; fileRef = BB846A6E2908607D0001BA35 /* Model.swift */; };
		BB846A71290861080001BA35 /* RemoteAddAccount.swift in Sources */ = {isa = PBXBuildFile; fileRef = BB846A70290861080001BA35 /* RemoteAddAccount.swift */; };
		BB846A732908614B0001BA35 /* HttpPostClient.swift in Sources */ = {isa = PBXBuildFile; fileRef = BB846A722908614B0001BA35 /* HttpPostClient.swift */; };
		BB846A7C29086ED30001BA35 /* DomainError.swift in Sources */ = {isa = PBXBuildFile; fileRef = BB846A7B29086ED30001BA35 /* DomainError.swift */; };
		BB846A7F290870B40001BA35 /* HttpError.swift in Sources */ = {isa = PBXBuildFile; fileRef = BB846A7E290870B40001BA35 /* HttpError.swift */; };
		BB846A82290879CE0001BA35 /* ExtensionHelper.swift in Sources */ = {isa = PBXBuildFile; fileRef = BB846A81290879CE0001BA35 /* ExtensionHelper.swift */; };
		BB846A852908B4000001BA35 /* TestExtension.swift in Sources */ = {isa = PBXBuildFile; fileRef = BB846A842908B4000001BA35 /* TestExtension.swift */; };
		BB846A872908B4710001BA35 /* TestFactories.swift in Sources */ = {isa = PBXBuildFile; fileRef = BB846A862908B4710001BA35 /* TestFactories.swift */; };
		BB846A8A2908B4C70001BA35 /* HttpClientSpy.swift in Sources */ = {isa = PBXBuildFile; fileRef = BB846A892908B4C70001BA35 /* HttpClientSpy.swift */; };
		BB846A8C2908B51F0001BA35 /* AccountModelFactory.swift in Sources */ = {isa = PBXBuildFile; fileRef = BB846A8B2908B51F0001BA35 /* AccountModelFactory.swift */; };
		BB9C6A202909FF5E0032B2C3 /* Infra.framework in Frameworks */ = {isa = PBXBuildFile; fileRef = BB9C6A182909FF5D0032B2C3 /* Infra.framework */; };
		BB9C6A252909FF5E0032B2C3 /* AlamofireAdapterTests.swift in Sources */ = {isa = PBXBuildFile; fileRef = BB9C6A242909FF5E0032B2C3 /* AlamofireAdapterTests.swift */; };
/* End PBXBuildFile section */

/* Begin PBXContainerItemProxy section */
		BB846A5C290835C20001BA35 /* PBXContainerItemProxy */ = {
			isa = PBXContainerItemProxy;
			containerPortal = BB846A1F2908326B0001BA35 /* Project object */;
			proxyType = 1;
			remoteGlobalIDString = BB846A52290835C20001BA35;
			remoteInfo = Data;
		};
		BB846A6B2908362B0001BA35 /* PBXContainerItemProxy */ = {
			isa = PBXContainerItemProxy;
			containerPortal = BB846A1F2908326B0001BA35 /* Project object */;
			proxyType = 1;
			remoteGlobalIDString = BB846A42290832A90001BA35;
			remoteInfo = Domain;
		};
		BB9C6A212909FF5E0032B2C3 /* PBXContainerItemProxy */ = {
			isa = PBXContainerItemProxy;
			containerPortal = BB846A1F2908326B0001BA35 /* Project object */;
			proxyType = 1;
			remoteGlobalIDString = BB9C6A172909FF5D0032B2C3;
			remoteInfo = Infra;
		};
/* End PBXContainerItemProxy section */

/* Begin PBXCopyFilesBuildPhase section */
		BB846A6D2908362B0001BA35 /* Embed Frameworks */ = {
			isa = PBXCopyFilesBuildPhase;
			buildActionMask = 2147483647;
			dstPath = "";
			dstSubfolderSpec = 10;
			files = (
				BB846A6A2908362A0001BA35 /* Domain.framework in Embed Frameworks */,
			);
			name = "Embed Frameworks";
			runOnlyForDeploymentPostprocessing = 0;
		};
/* End PBXCopyFilesBuildPhase section */

/* Begin PBXFileReference section */
		BB846A43290832A90001BA35 /* Domain.framework */ = {isa = PBXFileReference; explicitFileType = wrapper.framework; includeInIndex = 0; path = Domain.framework; sourceTree = BUILT_PRODUCTS_DIR; };
		BB846A4A2908330F0001BA35 /* AddAccount.swift */ = {isa = PBXFileReference; lastKnownFileType = sourcecode.swift; path = AddAccount.swift; sourceTree = "<group>"; };
		BB846A4C290834600001BA35 /* AccountModel.swift */ = {isa = PBXFileReference; lastKnownFileType = sourcecode.swift; path = AccountModel.swift; sourceTree = "<group>"; };
		BB846A53290835C20001BA35 /* Data.framework */ = {isa = PBXFileReference; explicitFileType = wrapper.framework; includeInIndex = 0; path = Data.framework; sourceTree = BUILT_PRODUCTS_DIR; };
		BB846A5A290835C20001BA35 /* DataTests.xctest */ = {isa = PBXFileReference; explicitFileType = wrapper.cfbundle; includeInIndex = 0; path = DataTests.xctest; sourceTree = BUILT_PRODUCTS_DIR; };
		BB846A5F290835C20001BA35 /* RemoteAddAccountTests.swift */ = {isa = PBXFileReference; lastKnownFileType = sourcecode.swift; path = RemoteAddAccountTests.swift; sourceTree = "<group>"; };
		BB846A6E2908607D0001BA35 /* Model.swift */ = {isa = PBXFileReference; lastKnownFileType = sourcecode.swift; path = Model.swift; sourceTree = "<group>"; };
		BB846A70290861080001BA35 /* RemoteAddAccount.swift */ = {isa = PBXFileReference; lastKnownFileType = sourcecode.swift; path = RemoteAddAccount.swift; sourceTree = "<group>"; };
		BB846A722908614B0001BA35 /* HttpPostClient.swift */ = {isa = PBXFileReference; lastKnownFileType = sourcecode.swift; path = HttpPostClient.swift; sourceTree = "<group>"; };
		BB846A7B29086ED30001BA35 /* DomainError.swift */ = {isa = PBXFileReference; lastKnownFileType = sourcecode.swift; path = DomainError.swift; sourceTree = "<group>"; };
		BB846A7E290870B40001BA35 /* HttpError.swift */ = {isa = PBXFileReference; lastKnownFileType = sourcecode.swift; path = HttpError.swift; sourceTree = "<group>"; };
		BB846A81290879CE0001BA35 /* ExtensionHelper.swift */ = {isa = PBXFileReference; lastKnownFileType = sourcecode.swift; path = ExtensionHelper.swift; sourceTree = "<group>"; };
		BB846A842908B4000001BA35 /* TestExtension.swift */ = {isa = PBXFileReference; lastKnownFileType = sourcecode.swift; path = TestExtension.swift; sourceTree = "<group>"; };
		BB846A862908B4710001BA35 /* TestFactories.swift */ = {isa = PBXFileReference; lastKnownFileType = sourcecode.swift; path = TestFactories.swift; sourceTree = "<group>"; };
		BB846A892908B4C70001BA35 /* HttpClientSpy.swift */ = {isa = PBXFileReference; lastKnownFileType = sourcecode.swift; path = HttpClientSpy.swift; sourceTree = "<group>"; };
		BB846A8B2908B51F0001BA35 /* AccountModelFactory.swift */ = {isa = PBXFileReference; lastKnownFileType = sourcecode.swift; path = AccountModelFactory.swift; sourceTree = "<group>"; };
		BB9C6A182909FF5D0032B2C3 /* Infra.framework */ = {isa = PBXFileReference; explicitFileType = wrapper.framework; includeInIndex = 0; path = Infra.framework; sourceTree = BUILT_PRODUCTS_DIR; };
		BB9C6A1F2909FF5E0032B2C3 /* InfraTests.xctest */ = {isa = PBXFileReference; explicitFileType = wrapper.cfbundle; includeInIndex = 0; path = InfraTests.xctest; sourceTree = BUILT_PRODUCTS_DIR; };
		BB9C6A242909FF5E0032B2C3 /* AlamofireAdapterTests.swift */ = {isa = PBXFileReference; lastKnownFileType = sourcecode.swift; path = AlamofireAdapterTests.swift; sourceTree = "<group>"; };
/* End PBXFileReference section */

/* Begin PBXFrameworksBuildPhase section */
		BB846A40290832A90001BA35 /* Frameworks */ = {
			isa = PBXFrameworksBuildPhase;
			buildActionMask = 2147483647;
			files = (
			);
			runOnlyForDeploymentPostprocessing = 0;
		};
		BB846A50290835C20001BA35 /* Frameworks */ = {
			isa = PBXFrameworksBuildPhase;
			buildActionMask = 2147483647;
			files = (
				BB846A692908362A0001BA35 /* Domain.framework in Frameworks */,
			);
			runOnlyForDeploymentPostprocessing = 0;
		};
		BB846A57290835C20001BA35 /* Frameworks */ = {
			isa = PBXFrameworksBuildPhase;
			buildActionMask = 2147483647;
			files = (
				BB846A5B290835C20001BA35 /* Data.framework in Frameworks */,
			);
			runOnlyForDeploymentPostprocessing = 0;
		};
		BB9C6A152909FF5D0032B2C3 /* Frameworks */ = {
			isa = PBXFrameworksBuildPhase;
			buildActionMask = 2147483647;
			files = (
			);
			runOnlyForDeploymentPostprocessing = 0;
		};
		BB9C6A1C2909FF5E0032B2C3 /* Frameworks */ = {
			isa = PBXFrameworksBuildPhase;
			buildActionMask = 2147483647;
			files = (
				BB9C6A202909FF5E0032B2C3 /* Infra.framework in Frameworks */,
			);
			runOnlyForDeploymentPostprocessing = 0;
		};
/* End PBXFrameworksBuildPhase section */

/* Begin PBXGroup section */
		BB846A1E2908326B0001BA35 = {
			isa = PBXGroup;
			children = (
				BB846A44290832A90001BA35 /* Domain */,
				BB846A54290835C20001BA35 /* Data */,
				BB846A5E290835C20001BA35 /* DataTests */,
				BB9C6A192909FF5D0032B2C3 /* Infra */,
				BB9C6A232909FF5E0032B2C3 /* InfraTests */,
				BB846A282908326B0001BA35 /* Products */,
				BB846A682908362A0001BA35 /* Frameworks */,
			);
			sourceTree = "<group>";
		};
		BB846A282908326B0001BA35 /* Products */ = {
			isa = PBXGroup;
			children = (
				BB846A43290832A90001BA35 /* Domain.framework */,
				BB846A53290835C20001BA35 /* Data.framework */,
				BB846A5A290835C20001BA35 /* DataTests.xctest */,
				BB9C6A182909FF5D0032B2C3 /* Infra.framework */,
				BB9C6A1F2909FF5E0032B2C3 /* InfraTests.xctest */,
			);
			name = Products;
			sourceTree = "<group>";
		};
		BB846A44290832A90001BA35 /* Domain */ = {
			isa = PBXGroup;
			children = (
				BB846A7A29086EC20001BA35 /* Errors */,
				BB846A75290862700001BA35 /* UseCases */,
				BB846A76290862820001BA35 /* Models */,
			);
			path = Domain;
			sourceTree = "<group>";
		};
		BB846A54290835C20001BA35 /* Data */ = {
			isa = PBXGroup;
			children = (
				BB846A80290879BF0001BA35 /* Helpers */,
				BB846A772908628B0001BA35 /* UseCases */,
				BB846A78290862980001BA35 /* Http */,
			);
			path = Data;
			sourceTree = "<group>";
		};
		BB846A5E290835C20001BA35 /* DataTests */ = {
			isa = PBXGroup;
			children = (
				BB846A882908B4AE0001BA35 /* Http */,
				BB846A832908B3DB0001BA35 /* Helpers */,
				BB846A79290862B20001BA35 /* UseCases */,
			);
			path = DataTests;
			sourceTree = "<group>";
		};
		BB846A682908362A0001BA35 /* Frameworks */ = {
			isa = PBXGroup;
			children = (
			);
			name = Frameworks;
			sourceTree = "<group>";
		};
		BB846A75290862700001BA35 /* UseCases */ = {
			isa = PBXGroup;
			children = (
				BB846A4A2908330F0001BA35 /* AddAccount.swift */,
			);
			path = UseCases;
			sourceTree = "<group>";
		};
		BB846A76290862820001BA35 /* Models */ = {
			isa = PBXGroup;
			children = (
				BB846A4C290834600001BA35 /* AccountModel.swift */,
				BB846A6E2908607D0001BA35 /* Model.swift */,
			);
			path = Models;
			sourceTree = "<group>";
		};
		BB846A772908628B0001BA35 /* UseCases */ = {
			isa = PBXGroup;
			children = (
				BB846A70290861080001BA35 /* RemoteAddAccount.swift */,
			);
			path = UseCases;
			sourceTree = "<group>";
		};
		BB846A78290862980001BA35 /* Http */ = {
			isa = PBXGroup;
			children = (
				BB846A722908614B0001BA35 /* HttpPostClient.swift */,
				BB846A7E290870B40001BA35 /* HttpError.swift */,
			);
			path = Http;
			sourceTree = "<group>";
		};
		BB846A79290862B20001BA35 /* UseCases */ = {
			isa = PBXGroup;
			children = (
				BB846A5F290835C20001BA35 /* RemoteAddAccountTests.swift */,
			);
			path = UseCases;
			sourceTree = "<group>";
		};
		BB846A7A29086EC20001BA35 /* Errors */ = {
			isa = PBXGroup;
			children = (
				BB846A7B29086ED30001BA35 /* DomainError.swift */,
			);
			path = Errors;
			sourceTree = "<group>";
		};
		BB846A80290879BF0001BA35 /* Helpers */ = {
			isa = PBXGroup;
			children = (
				BB846A81290879CE0001BA35 /* ExtensionHelper.swift */,
			);
			path = Helpers;
			sourceTree = "<group>";
		};
		BB846A832908B3DB0001BA35 /* Helpers */ = {
			isa = PBXGroup;
			children = (
				BB846A842908B4000001BA35 /* TestExtension.swift */,
				BB846A862908B4710001BA35 /* TestFactories.swift */,
				BB846A8B2908B51F0001BA35 /* AccountModelFactory.swift */,
			);
			path = Helpers;
			sourceTree = "<group>";
		};
		BB846A882908B4AE0001BA35 /* Http */ = {
			isa = PBXGroup;
			children = (
				BB846A892908B4C70001BA35 /* HttpClientSpy.swift */,
			);
			path = Http;
			sourceTree = "<group>";
		};
		BB9C6A192909FF5D0032B2C3 /* Infra */ = {
			isa = PBXGroup;
			children = (
			);
			path = Infra;
			sourceTree = "<group>";
		};
		BB9C6A232909FF5E0032B2C3 /* InfraTests */ = {
			isa = PBXGroup;
			children = (
				BB9C6A242909FF5E0032B2C3 /* AlamofireAdapterTests.swift */,
			);
			path = InfraTests;
			sourceTree = "<group>";
		};
/* End PBXGroup section */

/* Begin PBXHeadersBuildPhase section */
		BB846A3E290832A90001BA35 /* Headers */ = {
			isa = PBXHeadersBuildPhase;
			buildActionMask = 2147483647;
			files = (
			);
			runOnlyForDeploymentPostprocessing = 0;
		};
		BB846A4E290835C20001BA35 /* Headers */ = {
			isa = PBXHeadersBuildPhase;
			buildActionMask = 2147483647;
			files = (
			);
			runOnlyForDeploymentPostprocessing = 0;
		};
		BB9C6A132909FF5D0032B2C3 /* Headers */ = {
			isa = PBXHeadersBuildPhase;
			buildActionMask = 2147483647;
			files = (
			);
			runOnlyForDeploymentPostprocessing = 0;
		};
/* End PBXHeadersBuildPhase section */

/* Begin PBXNativeTarget section */
		BB846A42290832A90001BA35 /* Domain */ = {
			isa = PBXNativeTarget;
			buildConfigurationList = BB846A47290832A90001BA35 /* Build configuration list for PBXNativeTarget "Domain" */;
			buildPhases = (
				BB846A3E290832A90001BA35 /* Headers */,
				BB846A3F290832A90001BA35 /* Sources */,
				BB846A40290832A90001BA35 /* Frameworks */,
				BB846A41290832A90001BA35 /* Resources */,
			);
			buildRules = (
			);
			dependencies = (
			);
			name = Domain;
			productName = Domain;
			productReference = BB846A43290832A90001BA35 /* Domain.framework */;
			productType = "com.apple.product-type.framework";
		};
		BB846A52290835C20001BA35 /* Data */ = {
			isa = PBXNativeTarget;
			buildConfigurationList = BB846A62290835C20001BA35 /* Build configuration list for PBXNativeTarget "Data" */;
			buildPhases = (
				BB846A4E290835C20001BA35 /* Headers */,
				BB846A4F290835C20001BA35 /* Sources */,
				BB846A50290835C20001BA35 /* Frameworks */,
				BB846A51290835C20001BA35 /* Resources */,
				BB846A6D2908362B0001BA35 /* Embed Frameworks */,
			);
			buildRules = (
			);
			dependencies = (
				BB846A6C2908362B0001BA35 /* PBXTargetDependency */,
			);
			name = Data;
			productName = Data;
			productReference = BB846A53290835C20001BA35 /* Data.framework */;
			productType = "com.apple.product-type.framework";
		};
		BB846A59290835C20001BA35 /* DataTests */ = {
			isa = PBXNativeTarget;
			buildConfigurationList = BB846A65290835C20001BA35 /* Build configuration list for PBXNativeTarget "DataTests" */;
			buildPhases = (
				BB846A56290835C20001BA35 /* Sources */,
				BB846A57290835C20001BA35 /* Frameworks */,
				BB846A58290835C20001BA35 /* Resources */,
			);
			buildRules = (
			);
			dependencies = (
				BB846A5D290835C20001BA35 /* PBXTargetDependency */,
			);
			name = DataTests;
			productName = DataTests;
			productReference = BB846A5A290835C20001BA35 /* DataTests.xctest */;
			productType = "com.apple.product-type.bundle.unit-test";
		};
		BB9C6A172909FF5D0032B2C3 /* Infra */ = {
			isa = PBXNativeTarget;
			buildConfigurationList = BB9C6A2B2909FF5E0032B2C3 /* Build configuration list for PBXNativeTarget "Infra" */;
			buildPhases = (
				BB9C6A132909FF5D0032B2C3 /* Headers */,
				BB9C6A142909FF5D0032B2C3 /* Sources */,
				BB9C6A152909FF5D0032B2C3 /* Frameworks */,
				BB9C6A162909FF5D0032B2C3 /* Resources */,
			);
			buildRules = (
			);
			dependencies = (
			);
			name = Infra;
			productName = Infra;
			productReference = BB9C6A182909FF5D0032B2C3 /* Infra.framework */;
			productType = "com.apple.product-type.framework";
		};
		BB9C6A1E2909FF5E0032B2C3 /* InfraTests */ = {
			isa = PBXNativeTarget;
			buildConfigurationList = BB9C6A2C2909FF5E0032B2C3 /* Build configuration list for PBXNativeTarget "InfraTests" */;
			buildPhases = (
				BB9C6A1B2909FF5E0032B2C3 /* Sources */,
				BB9C6A1C2909FF5E0032B2C3 /* Frameworks */,
				BB9C6A1D2909FF5E0032B2C3 /* Resources */,
			);
			buildRules = (
			);
			dependencies = (
				BB9C6A222909FF5E0032B2C3 /* PBXTargetDependency */,
			);
			name = InfraTests;
			productName = InfraTests;
			productReference = BB9C6A1F2909FF5E0032B2C3 /* InfraTests.xctest */;
			productType = "com.apple.product-type.bundle.unit-test";
		};
/* End PBXNativeTarget section */

/* Begin PBXProject section */
		BB846A1F2908326B0001BA35 /* Project object */ = {
			isa = PBXProject;
			attributes = {
				BuildIndependentTargetsInParallel = 1;
				LastSwiftUpdateCheck = 1400;
				LastUpgradeCheck = 1400;
				TargetAttributes = {
					BB846A42290832A90001BA35 = {
						CreatedOnToolsVersion = 14.0.1;
						LastSwiftMigration = 1400;
					};
					BB846A52290835C20001BA35 = {
						CreatedOnToolsVersion = 14.0.1;
						LastSwiftMigration = 1400;
					};
					BB846A59290835C20001BA35 = {
						CreatedOnToolsVersion = 14.0.1;
					};
					BB9C6A172909FF5D0032B2C3 = {
						CreatedOnToolsVersion = 14.0.1;
					};
					BB9C6A1E2909FF5E0032B2C3 = {
						CreatedOnToolsVersion = 14.0.1;
					};
				};
			};
			buildConfigurationList = BB846A222908326B0001BA35 /* Build configuration list for PBXProject "CleanApp" */;
			compatibilityVersion = "Xcode 14.0";
			developmentRegion = en;
			hasScannedForEncodings = 0;
			knownRegions = (
				en,
				Base,
			);
			mainGroup = BB846A1E2908326B0001BA35;
			productRefGroup = BB846A282908326B0001BA35 /* Products */;
			projectDirPath = "";
			projectRoot = "";
			targets = (
				BB846A42290832A90001BA35 /* Domain */,
				BB846A52290835C20001BA35 /* Data */,
				BB846A59290835C20001BA35 /* DataTests */,
				BB9C6A172909FF5D0032B2C3 /* Infra */,
				BB9C6A1E2909FF5E0032B2C3 /* InfraTests */,
			);
		};
/* End PBXProject section */

/* Begin PBXResourcesBuildPhase section */
		BB846A41290832A90001BA35 /* Resources */ = {
			isa = PBXResourcesBuildPhase;
			buildActionMask = 2147483647;
			files = (
			);
			runOnlyForDeploymentPostprocessing = 0;
		};
		BB846A51290835C20001BA35 /* Resources */ = {
			isa = PBXResourcesBuildPhase;
			buildActionMask = 2147483647;
			files = (
			);
			runOnlyForDeploymentPostprocessing = 0;
		};
		BB846A58290835C20001BA35 /* Resources */ = {
			isa = PBXResourcesBuildPhase;
			buildActionMask = 2147483647;
			files = (
			);
			runOnlyForDeploymentPostprocessing = 0;
		};
		BB9C6A162909FF5D0032B2C3 /* Resources */ = {
			isa = PBXResourcesBuildPhase;
			buildActionMask = 2147483647;
			files = (
			);
			runOnlyForDeploymentPostprocessing = 0;
		};
		BB9C6A1D2909FF5E0032B2C3 /* Resources */ = {
			isa = PBXResourcesBuildPhase;
			buildActionMask = 2147483647;
			files = (
			);
			runOnlyForDeploymentPostprocessing = 0;
		};
/* End PBXResourcesBuildPhase section */

/* Begin PBXSourcesBuildPhase section */
		BB846A3F290832A90001BA35 /* Sources */ = {
			isa = PBXSourcesBuildPhase;
			buildActionMask = 2147483647;
			files = (
				BB846A6F2908607D0001BA35 /* Model.swift in Sources */,
				BB846A4B2908330F0001BA35 /* AddAccount.swift in Sources */,
				BB846A7C29086ED30001BA35 /* DomainError.swift in Sources */,
				BB846A4D290834600001BA35 /* AccountModel.swift in Sources */,
			);
			runOnlyForDeploymentPostprocessing = 0;
		};
		BB846A4F290835C20001BA35 /* Sources */ = {
			isa = PBXSourcesBuildPhase;
			buildActionMask = 2147483647;
			files = (
				BB846A732908614B0001BA35 /* HttpPostClient.swift in Sources */,
				BB846A82290879CE0001BA35 /* ExtensionHelper.swift in Sources */,
				BB846A7F290870B40001BA35 /* HttpError.swift in Sources */,
				BB846A71290861080001BA35 /* RemoteAddAccount.swift in Sources */,
			);
			runOnlyForDeploymentPostprocessing = 0;
		};
		BB846A56290835C20001BA35 /* Sources */ = {
			isa = PBXSourcesBuildPhase;
			buildActionMask = 2147483647;
			files = (
				BB846A872908B4710001BA35 /* TestFactories.swift in Sources */,
				BB846A8A2908B4C70001BA35 /* HttpClientSpy.swift in Sources */,
				BB846A60290835C20001BA35 /* RemoteAddAccountTests.swift in Sources */,
				BB846A8C2908B51F0001BA35 /* AccountModelFactory.swift in Sources */,
				BB846A852908B4000001BA35 /* TestExtension.swift in Sources */,
			);
			runOnlyForDeploymentPostprocessing = 0;
		};
		BB9C6A142909FF5D0032B2C3 /* Sources */ = {
			isa = PBXSourcesBuildPhase;
			buildActionMask = 2147483647;
			files = (
			);
			runOnlyForDeploymentPostprocessing = 0;
		};
		BB9C6A1B2909FF5E0032B2C3 /* Sources */ = {
			isa = PBXSourcesBuildPhase;
			buildActionMask = 2147483647;
			files = (
				BB9C6A252909FF5E0032B2C3 /* AlamofireAdapterTests.swift in Sources */,
			);
			runOnlyForDeploymentPostprocessing = 0;
		};
/* End PBXSourcesBuildPhase section */

/* Begin PBXTargetDependency section */
		BB846A5D290835C20001BA35 /* PBXTargetDependency */ = {
			isa = PBXTargetDependency;
			target = BB846A52290835C20001BA35 /* Data */;
			targetProxy = BB846A5C290835C20001BA35 /* PBXContainerItemProxy */;
		};
		BB846A6C2908362B0001BA35 /* PBXTargetDependency */ = {
			isa = PBXTargetDependency;
			target = BB846A42290832A90001BA35 /* Domain */;
			targetProxy = BB846A6B2908362B0001BA35 /* PBXContainerItemProxy */;
		};
		BB9C6A222909FF5E0032B2C3 /* PBXTargetDependency */ = {
			isa = PBXTargetDependency;
			target = BB9C6A172909FF5D0032B2C3 /* Infra */;
			targetProxy = BB9C6A212909FF5E0032B2C3 /* PBXContainerItemProxy */;
		};
/* End PBXTargetDependency section */

/* Begin XCBuildConfiguration section */
		BB846A392908326C0001BA35 /* Debug */ = {
			isa = XCBuildConfiguration;
			buildSettings = {
				ALWAYS_SEARCH_USER_PATHS = NO;
				CLANG_ANALYZER_NONNULL = YES;
				CLANG_ANALYZER_NUMBER_OBJECT_CONVERSION = YES_AGGRESSIVE;
				CLANG_CXX_LANGUAGE_STANDARD = "gnu++20";
				CLANG_ENABLE_MODULES = YES;
				CLANG_ENABLE_OBJC_ARC = YES;
				CLANG_ENABLE_OBJC_WEAK = YES;
				CLANG_WARN_BLOCK_CAPTURE_AUTORELEASING = YES;
				CLANG_WARN_BOOL_CONVERSION = YES;
				CLANG_WARN_COMMA = YES;
				CLANG_WARN_CONSTANT_CONVERSION = YES;
				CLANG_WARN_DEPRECATED_OBJC_IMPLEMENTATIONS = YES;
				CLANG_WARN_DIRECT_OBJC_ISA_USAGE = YES_ERROR;
				CLANG_WARN_DOCUMENTATION_COMMENTS = YES;
				CLANG_WARN_EMPTY_BODY = YES;
				CLANG_WARN_ENUM_CONVERSION = YES;
				CLANG_WARN_INFINITE_RECURSION = YES;
				CLANG_WARN_INT_CONVERSION = YES;
				CLANG_WARN_NON_LITERAL_NULL_CONVERSION = YES;
				CLANG_WARN_OBJC_IMPLICIT_RETAIN_SELF = YES;
				CLANG_WARN_OBJC_LITERAL_CONVERSION = YES;
				CLANG_WARN_OBJC_ROOT_CLASS = YES_ERROR;
				CLANG_WARN_QUOTED_INCLUDE_IN_FRAMEWORK_HEADER = YES;
				CLANG_WARN_RANGE_LOOP_ANALYSIS = YES;
				CLANG_WARN_STRICT_PROTOTYPES = YES;
				CLANG_WARN_SUSPICIOUS_MOVE = YES;
				CLANG_WARN_UNGUARDED_AVAILABILITY = YES_AGGRESSIVE;
				CLANG_WARN_UNREACHABLE_CODE = YES;
				CLANG_WARN__DUPLICATE_METHOD_MATCH = YES;
				COPY_PHASE_STRIP = NO;
				DEBUG_INFORMATION_FORMAT = dwarf;
				ENABLE_STRICT_OBJC_MSGSEND = YES;
				ENABLE_TESTABILITY = YES;
				GCC_C_LANGUAGE_STANDARD = gnu11;
				GCC_DYNAMIC_NO_PIC = NO;
				GCC_NO_COMMON_BLOCKS = YES;
				GCC_OPTIMIZATION_LEVEL = 0;
				GCC_PREPROCESSOR_DEFINITIONS = (
					"DEBUG=1",
					"$(inherited)",
				);
				GCC_WARN_64_TO_32_BIT_CONVERSION = YES;
				GCC_WARN_ABOUT_RETURN_TYPE = YES_ERROR;
				GCC_WARN_UNDECLARED_SELECTOR = YES;
				GCC_WARN_UNINITIALIZED_AUTOS = YES_AGGRESSIVE;
				GCC_WARN_UNUSED_FUNCTION = YES;
				GCC_WARN_UNUSED_VARIABLE = YES;
				IPHONEOS_DEPLOYMENT_TARGET = 16.0;
				MTL_ENABLE_DEBUG_INFO = INCLUDE_SOURCE;
				MTL_FAST_MATH = YES;
				ONLY_ACTIVE_ARCH = YES;
				SDKROOT = iphoneos;
				SWIFT_ACTIVE_COMPILATION_CONDITIONS = DEBUG;
				SWIFT_OPTIMIZATION_LEVEL = "-Onone";
			};
			name = Debug;
		};
		BB846A3A2908326C0001BA35 /* Release */ = {
			isa = XCBuildConfiguration;
			buildSettings = {
				ALWAYS_SEARCH_USER_PATHS = NO;
				CLANG_ANALYZER_NONNULL = YES;
				CLANG_ANALYZER_NUMBER_OBJECT_CONVERSION = YES_AGGRESSIVE;
				CLANG_CXX_LANGUAGE_STANDARD = "gnu++20";
				CLANG_ENABLE_MODULES = YES;
				CLANG_ENABLE_OBJC_ARC = YES;
				CLANG_ENABLE_OBJC_WEAK = YES;
				CLANG_WARN_BLOCK_CAPTURE_AUTORELEASING = YES;
				CLANG_WARN_BOOL_CONVERSION = YES;
				CLANG_WARN_COMMA = YES;
				CLANG_WARN_CONSTANT_CONVERSION = YES;
				CLANG_WARN_DEPRECATED_OBJC_IMPLEMENTATIONS = YES;
				CLANG_WARN_DIRECT_OBJC_ISA_USAGE = YES_ERROR;
				CLANG_WARN_DOCUMENTATION_COMMENTS = YES;
				CLANG_WARN_EMPTY_BODY = YES;
				CLANG_WARN_ENUM_CONVERSION = YES;
				CLANG_WARN_INFINITE_RECURSION = YES;
				CLANG_WARN_INT_CONVERSION = YES;
				CLANG_WARN_NON_LITERAL_NULL_CONVERSION = YES;
				CLANG_WARN_OBJC_IMPLICIT_RETAIN_SELF = YES;
				CLANG_WARN_OBJC_LITERAL_CONVERSION = YES;
				CLANG_WARN_OBJC_ROOT_CLASS = YES_ERROR;
				CLANG_WARN_QUOTED_INCLUDE_IN_FRAMEWORK_HEADER = YES;
				CLANG_WARN_RANGE_LOOP_ANALYSIS = YES;
				CLANG_WARN_STRICT_PROTOTYPES = YES;
				CLANG_WARN_SUSPICIOUS_MOVE = YES;
				CLANG_WARN_UNGUARDED_AVAILABILITY = YES_AGGRESSIVE;
				CLANG_WARN_UNREACHABLE_CODE = YES;
				CLANG_WARN__DUPLICATE_METHOD_MATCH = YES;
				COPY_PHASE_STRIP = NO;
				DEBUG_INFORMATION_FORMAT = "dwarf-with-dsym";
				ENABLE_NS_ASSERTIONS = NO;
				ENABLE_STRICT_OBJC_MSGSEND = YES;
				GCC_C_LANGUAGE_STANDARD = gnu11;
				GCC_NO_COMMON_BLOCKS = YES;
				GCC_WARN_64_TO_32_BIT_CONVERSION = YES;
				GCC_WARN_ABOUT_RETURN_TYPE = YES_ERROR;
				GCC_WARN_UNDECLARED_SELECTOR = YES;
				GCC_WARN_UNINITIALIZED_AUTOS = YES_AGGRESSIVE;
				GCC_WARN_UNUSED_FUNCTION = YES;
				GCC_WARN_UNUSED_VARIABLE = YES;
				IPHONEOS_DEPLOYMENT_TARGET = 16.0;
				MTL_ENABLE_DEBUG_INFO = NO;
				MTL_FAST_MATH = YES;
				SDKROOT = iphoneos;
				SWIFT_COMPILATION_MODE = wholemodule;
				SWIFT_OPTIMIZATION_LEVEL = "-O";
				VALIDATE_PRODUCT = YES;
			};
			name = Release;
		};
		BB846A48290832A90001BA35 /* Debug */ = {
			isa = XCBuildConfiguration;
			buildSettings = {
				CLANG_ENABLE_MODULES = YES;
				CODE_SIGN_STYLE = Automatic;
				COMBINE_HIDPI_IMAGES = YES;
				CURRENT_PROJECT_VERSION = 1;
				DEFINES_MODULE = YES;
				DYLIB_COMPATIBILITY_VERSION = 1;
				DYLIB_CURRENT_VERSION = 1;
				DYLIB_INSTALL_NAME_BASE = "@rpath";
				GENERATE_INFOPLIST_FILE = YES;
				INFOPLIST_KEY_NSHumanReadableCopyright = "";
				INSTALL_PATH = "$(LOCAL_LIBRARY_DIR)/Frameworks";
				LD_RUNPATH_SEARCH_PATHS = (
					"$(inherited)",
					"@executable_path/../Frameworks",
					"@loader_path/Frameworks",
				);
				MACOSX_DEPLOYMENT_TARGET = 12.3;
				MARKETING_VERSION = 1.0;
				PRODUCT_BUNDLE_IDENTIFIER = com.movian.Domain;
				PRODUCT_NAME = "$(TARGET_NAME:c99extidentifier)";
				SDKROOT = macosx;
				SKIP_INSTALL = YES;
				SWIFT_EMIT_LOC_STRINGS = YES;
				SWIFT_OPTIMIZATION_LEVEL = "-Onone";
				SWIFT_VERSION = 5.0;
				VERSIONING_SYSTEM = "apple-generic";
				VERSION_INFO_PREFIX = "";
			};
			name = Debug;
		};
		BB846A49290832A90001BA35 /* Release */ = {
			isa = XCBuildConfiguration;
			buildSettings = {
				CLANG_ENABLE_MODULES = YES;
				CODE_SIGN_STYLE = Automatic;
				COMBINE_HIDPI_IMAGES = YES;
				CURRENT_PROJECT_VERSION = 1;
				DEFINES_MODULE = YES;
				DYLIB_COMPATIBILITY_VERSION = 1;
				DYLIB_CURRENT_VERSION = 1;
				DYLIB_INSTALL_NAME_BASE = "@rpath";
				GENERATE_INFOPLIST_FILE = YES;
				INFOPLIST_KEY_NSHumanReadableCopyright = "";
				INSTALL_PATH = "$(LOCAL_LIBRARY_DIR)/Frameworks";
				LD_RUNPATH_SEARCH_PATHS = (
					"$(inherited)",
					"@executable_path/../Frameworks",
					"@loader_path/Frameworks",
				);
				MACOSX_DEPLOYMENT_TARGET = 12.3;
				MARKETING_VERSION = 1.0;
				PRODUCT_BUNDLE_IDENTIFIER = com.movian.Domain;
				PRODUCT_NAME = "$(TARGET_NAME:c99extidentifier)";
				SDKROOT = macosx;
				SKIP_INSTALL = YES;
				SWIFT_EMIT_LOC_STRINGS = YES;
				SWIFT_VERSION = 5.0;
				VERSIONING_SYSTEM = "apple-generic";
				VERSION_INFO_PREFIX = "";
			};
			name = Release;
		};
		BB846A63290835C20001BA35 /* Debug */ = {
			isa = XCBuildConfiguration;
			buildSettings = {
				CLANG_ENABLE_MODULES = YES;
				CODE_SIGN_STYLE = Automatic;
				COMBINE_HIDPI_IMAGES = YES;
				CURRENT_PROJECT_VERSION = 1;
				DEFINES_MODULE = YES;
				DYLIB_COMPATIBILITY_VERSION = 1;
				DYLIB_CURRENT_VERSION = 1;
				DYLIB_INSTALL_NAME_BASE = "@rpath";
				GENERATE_INFOPLIST_FILE = YES;
				INFOPLIST_KEY_NSHumanReadableCopyright = "";
				INSTALL_PATH = "$(LOCAL_LIBRARY_DIR)/Frameworks";
				LD_RUNPATH_SEARCH_PATHS = (
					"$(inherited)",
					"@executable_path/../Frameworks",
					"@loader_path/Frameworks",
				);
				MACOSX_DEPLOYMENT_TARGET = 12.3;
				MARKETING_VERSION = 1.0;
				PRODUCT_BUNDLE_IDENTIFIER = com.movian.Data;
				PRODUCT_NAME = "$(TARGET_NAME:c99extidentifier)";
				SDKROOT = macosx;
				SKIP_INSTALL = YES;
				SWIFT_EMIT_LOC_STRINGS = YES;
				SWIFT_OPTIMIZATION_LEVEL = "-Onone";
				SWIFT_VERSION = 5.0;
				VERSIONING_SYSTEM = "apple-generic";
				VERSION_INFO_PREFIX = "";
			};
			name = Debug;
		};
		BB846A64290835C20001BA35 /* Release */ = {
			isa = XCBuildConfiguration;
			buildSettings = {
				CLANG_ENABLE_MODULES = YES;
				CODE_SIGN_STYLE = Automatic;
				COMBINE_HIDPI_IMAGES = YES;
				CURRENT_PROJECT_VERSION = 1;
				DEFINES_MODULE = YES;
				DYLIB_COMPATIBILITY_VERSION = 1;
				DYLIB_CURRENT_VERSION = 1;
				DYLIB_INSTALL_NAME_BASE = "@rpath";
				GENERATE_INFOPLIST_FILE = YES;
				INFOPLIST_KEY_NSHumanReadableCopyright = "";
				INSTALL_PATH = "$(LOCAL_LIBRARY_DIR)/Frameworks";
				LD_RUNPATH_SEARCH_PATHS = (
					"$(inherited)",
					"@executable_path/../Frameworks",
					"@loader_path/Frameworks",
				);
				MACOSX_DEPLOYMENT_TARGET = 12.3;
				MARKETING_VERSION = 1.0;
				PRODUCT_BUNDLE_IDENTIFIER = com.movian.Data;
				PRODUCT_NAME = "$(TARGET_NAME:c99extidentifier)";
				SDKROOT = macosx;
				SKIP_INSTALL = YES;
				SWIFT_EMIT_LOC_STRINGS = YES;
				SWIFT_VERSION = 5.0;
				VERSIONING_SYSTEM = "apple-generic";
				VERSION_INFO_PREFIX = "";
			};
			name = Release;
		};
		BB846A66290835C20001BA35 /* Debug */ = {
			isa = XCBuildConfiguration;
			buildSettings = {
				ALWAYS_EMBED_SWIFT_STANDARD_LIBRARIES = YES;
				CODE_SIGN_STYLE = Automatic;
				CURRENT_PROJECT_VERSION = 1;
				GENERATE_INFOPLIST_FILE = YES;
				MACOSX_DEPLOYMENT_TARGET = 12.3;
				MARKETING_VERSION = 1.0;
				PRODUCT_BUNDLE_IDENTIFIER = com.movian.DataTests;
				PRODUCT_NAME = "$(TARGET_NAME)";
				SDKROOT = macosx;
				SWIFT_EMIT_LOC_STRINGS = NO;
				SWIFT_VERSION = 5.0;
			};
			name = Debug;
		};
		BB846A67290835C20001BA35 /* Release */ = {
			isa = XCBuildConfiguration;
			buildSettings = {
				ALWAYS_EMBED_SWIFT_STANDARD_LIBRARIES = YES;
				CODE_SIGN_STYLE = Automatic;
				CURRENT_PROJECT_VERSION = 1;
				GENERATE_INFOPLIST_FILE = YES;
				MACOSX_DEPLOYMENT_TARGET = 12.3;
				MARKETING_VERSION = 1.0;
				PRODUCT_BUNDLE_IDENTIFIER = com.movian.DataTests;
				PRODUCT_NAME = "$(TARGET_NAME)";
				SDKROOT = macosx;
				SWIFT_EMIT_LOC_STRINGS = NO;
				SWIFT_VERSION = 5.0;
			};
			name = Release;
		};
		BB9C6A272909FF5E0032B2C3 /* Debug */ = {
			isa = XCBuildConfiguration;
			buildSettings = {
				CODE_SIGN_STYLE = Automatic;
				COMBINE_HIDPI_IMAGES = YES;
				CURRENT_PROJECT_VERSION = 1;
				DEFINES_MODULE = YES;
				DYLIB_COMPATIBILITY_VERSION = 1;
				DYLIB_CURRENT_VERSION = 1;
				DYLIB_INSTALL_NAME_BASE = "@rpath";
				GENERATE_INFOPLIST_FILE = YES;
				INFOPLIST_KEY_NSHumanReadableCopyright = "";
				INSTALL_PATH = "$(LOCAL_LIBRARY_DIR)/Frameworks";
				LD_RUNPATH_SEARCH_PATHS = (
					"$(inherited)",
					"@executable_path/../Frameworks",
					"@loader_path/Frameworks",
				);
				MACOSX_DEPLOYMENT_TARGET = 12.3;
				MARKETING_VERSION = 1.0;
				PRODUCT_BUNDLE_IDENTIFIER = com.movian.Infra;
				PRODUCT_NAME = "$(TARGET_NAME:c99extidentifier)";
				SDKROOT = macosx;
				SKIP_INSTALL = YES;
				SWIFT_EMIT_LOC_STRINGS = YES;
				SWIFT_VERSION = 5.0;
				VERSIONING_SYSTEM = "apple-generic";
				VERSION_INFO_PREFIX = "";
			};
			name = Debug;
		};
		BB9C6A282909FF5E0032B2C3 /* Release */ = {
			isa = XCBuildConfiguration;
			buildSettings = {
				CODE_SIGN_STYLE = Automatic;
				COMBINE_HIDPI_IMAGES = YES;
				CURRENT_PROJECT_VERSION = 1;
				DEFINES_MODULE = YES;
				DYLIB_COMPATIBILITY_VERSION = 1;
				DYLIB_CURRENT_VERSION = 1;
				DYLIB_INSTALL_NAME_BASE = "@rpath";
				GENERATE_INFOPLIST_FILE = YES;
				INFOPLIST_KEY_NSHumanReadableCopyright = "";
				INSTALL_PATH = "$(LOCAL_LIBRARY_DIR)/Frameworks";
				LD_RUNPATH_SEARCH_PATHS = (
					"$(inherited)",
					"@executable_path/../Frameworks",
					"@loader_path/Frameworks",
				);
				MACOSX_DEPLOYMENT_TARGET = 12.3;
				MARKETING_VERSION = 1.0;
				PRODUCT_BUNDLE_IDENTIFIER = com.movian.Infra;
				PRODUCT_NAME = "$(TARGET_NAME:c99extidentifier)";
				SDKROOT = macosx;
				SKIP_INSTALL = YES;
				SWIFT_EMIT_LOC_STRINGS = YES;
				SWIFT_VERSION = 5.0;
				VERSIONING_SYSTEM = "apple-generic";
				VERSION_INFO_PREFIX = "";
			};
			name = Release;
		};
		BB9C6A292909FF5E0032B2C3 /* Debug */ = {
			isa = XCBuildConfiguration;
			buildSettings = {
				CODE_SIGN_STYLE = Automatic;
				CURRENT_PROJECT_VERSION = 1;
				GENERATE_INFOPLIST_FILE = YES;
				MACOSX_DEPLOYMENT_TARGET = 12.3;
				MARKETING_VERSION = 1.0;
				PRODUCT_BUNDLE_IDENTIFIER = com.movian.InfraTests;
				PRODUCT_NAME = "$(TARGET_NAME)";
				SDKROOT = macosx;
				SWIFT_EMIT_LOC_STRINGS = NO;
				SWIFT_VERSION = 5.0;
			};
			name = Debug;
		};
		BB9C6A2A2909FF5E0032B2C3 /* Release */ = {
			isa = XCBuildConfiguration;
			buildSettings = {
				CODE_SIGN_STYLE = Automatic;
				CURRENT_PROJECT_VERSION = 1;
				GENERATE_INFOPLIST_FILE = YES;
				MACOSX_DEPLOYMENT_TARGET = 12.3;
				MARKETING_VERSION = 1.0;
				PRODUCT_BUNDLE_IDENTIFIER = com.movian.InfraTests;
				PRODUCT_NAME = "$(TARGET_NAME)";
				SDKROOT = macosx;
				SWIFT_EMIT_LOC_STRINGS = NO;
				SWIFT_VERSION = 5.0;
			};
			name = Release;
		};
/* End XCBuildConfiguration section */

/* Begin XCConfigurationList section */
		BB846A222908326B0001BA35 /* Build configuration list for PBXProject "CleanApp" */ = {
			isa = XCConfigurationList;
			buildConfigurations = (
				BB846A392908326C0001BA35 /* Debug */,
				BB846A3A2908326C0001BA35 /* Release */,
			);
			defaultConfigurationIsVisible = 0;
			defaultConfigurationName = Release;
		};
		BB846A47290832A90001BA35 /* Build configuration list for PBXNativeTarget "Domain" */ = {
			isa = XCConfigurationList;
			buildConfigurations = (
				BB846A48290832A90001BA35 /* Debug */,
				BB846A49290832A90001BA35 /* Release */,
			);
			defaultConfigurationIsVisible = 0;
			defaultConfigurationName = Release;
		};
		BB846A62290835C20001BA35 /* Build configuration list for PBXNativeTarget "Data" */ = {
			isa = XCConfigurationList;
			buildConfigurations = (
				BB846A63290835C20001BA35 /* Debug */,
				BB846A64290835C20001BA35 /* Release */,
			);
			defaultConfigurationIsVisible = 0;
			defaultConfigurationName = Release;
		};
		BB846A65290835C20001BA35 /* Build configuration list for PBXNativeTarget "DataTests" */ = {
			isa = XCConfigurationList;
			buildConfigurations = (
				BB846A66290835C20001BA35 /* Debug */,
				BB846A67290835C20001BA35 /* Release */,
			);
			defaultConfigurationIsVisible = 0;
			defaultConfigurationName = Release;
		};
		BB9C6A2B2909FF5E0032B2C3 /* Build configuration list for PBXNativeTarget "Infra" */ = {
			isa = XCConfigurationList;
			buildConfigurations = (
				BB9C6A272909FF5E0032B2C3 /* Debug */,
				BB9C6A282909FF5E0032B2C3 /* Release */,
			);
			defaultConfigurationIsVisible = 0;
			defaultConfigurationName = Release;
		};
		BB9C6A2C2909FF5E0032B2C3 /* Build configuration list for PBXNativeTarget "InfraTests" */ = {
			isa = XCConfigurationList;
			buildConfigurations = (
				BB9C6A292909FF5E0032B2C3 /* Debug */,
				BB9C6A2A2909FF5E0032B2C3 /* Release */,
			);
			defaultConfigurationIsVisible = 0;
			defaultConfigurationName = Release;
		};
/* End XCConfigurationList section */
	};
	rootObject = BB846A1F2908326B0001BA35 /* Project object */;
}
